# Accepted guest rootfs seed for the thor ROCKNIX product payload image path.
GUEST_DEVICE="thor"
GUEST_COMPATIBLE="ayn,thor"
GUEST_REV="1078753fe366aaf3433cb5257278e71fa4f722cf"
GUEST_SEED_ARCHIVE="rocknix-guest-rootfs-thor-1078753fe366.tar.zst"
GUEST_SEED_SHA256="1bf4be4e71c20e9e28988c9fea50097ddee645aabe732cf4593272f6a58d066b"
