# Accepted guest rootfs seed for the odin2portal ROCKNIX product payload image path.
GUEST_DEVICE="odin2portal"
GUEST_COMPATIBLE="ayn,odin2portal"
GUEST_REV="b51aae80bc1935823440f54f6a6b24f0432c94a0"
GUEST_SEED_ARCHIVE="rocknix-guest-rootfs-odin2portal-b51aae80bc19.tar.zst"
GUEST_SEED_SHA256="902223d71936ee1217908a03731a55b13176ccbc6ecf20b8aa09e6493960d0b2"
