# Accepted guest rootfs seed for the odin2portal Korri ROCKNIX product payload image path.
GUEST_DEVICE="odin2portal"
GUEST_COMPATIBLE="ayn,odin2portal"
GUEST_REV="1078753fe366aaf3433cb5257278e71fa4f722cf"
GUEST_SEED_ARCHIVE="rocknix-guest-rootfs-odin2portal-1078753fe366.tar.zst"
GUEST_SEED_SHA256="cb7b13d62b1e6271e93de9ba54674702d5a27f72ba999d71c3f1eece62dcb369"
