# Accepted guest rootfs seed for the initial SM8550 patch-product proof.
# New guest source lives in ./guest; these values pin the currently accepted
# Odin2Portal seed consumed by the host patch queue until the next seed release.
GUEST_DEVICE="odin2portal"
GUEST_COMPATIBLE="ayn,odin2portal"
GUEST_REV="d5d00fe4b58822da8ab0a0c21ea4306a92c65c2a"
GUEST_SEED_ARCHIVE="rocknix-guest-rootfs-odin2portal-d5d00fe4b588.tar.zst"
GUEST_SEED_SHA256="650dafebc88abdc3581cb67dd05d825b54dc8807930898713b8086f5dda21a1f"
