# Accepted guest rootfs seed for the thor ROCKNIX product payload image path.
GUEST_DEVICE="thor"
GUEST_COMPATIBLE="ayn,thor"
GUEST_REV="b51aae80bc1935823440f54f6a6b24f0432c94a0"
GUEST_SEED_ARCHIVE="rocknix-guest-rootfs-thor-b51aae80bc19.tar.zst"
GUEST_SEED_SHA256="370133721c7f1256d8dc61da8f7d34434efac36eec0366fddad5e33a90c8487b"
