# Accepted guest rootfs seed for the rg353m Korri ROCKNIX product payload image path.
GUEST_DEVICE="rg353m"
GUEST_COMPATIBLE="rockchip,rk3566-rk817-tablet"
GUEST_REV="1078753fe366aaf3433cb5257278e71fa4f722cf"
GUEST_SEED_ARCHIVE="rocknix-guest-rootfs-rg353m-1078753fe366.tar.zst"
GUEST_SEED_SHA256="7dda0703d048ace41e3724b67e3811c13aa8f3937316c2a025606437d7303bb1"
