PRODUCT_AUTHORITY_REPO="simonwjackson/korri"
PRODUCT_REV="b51aae80bc1935823440f54f6a6b24f0432c94a0"
PRODUCT_SOURCE_SHA256="d09e2891ba27d355315e44abbb5a388ad3e7b42c7e716bc3c91f0226c185a9be"
PRODUCT_SOURCE_SUBDIR="."
PRODUCT_BUILD_TARGET=".#nixosConfigurations.korri-odin2portal-kiosk.config.system.build.toplevel"
PRODUCT_ROOTFS_SEED_REV="b51aae80bc1935823440f54f6a6b24f0432c94a0"
PRODUCT_ROOTFS_SEED_DEVICE="odin2portal"
PRODUCT_ROOTFS_SEED_COMPATIBLE="ayn,odin2portal"
PRODUCT_ROOTFS_SEED_ARCHIVE="rocknix-guest-rootfs-odin2portal-b51aae80bc19.tar.zst"
PRODUCT_ROOTFS_SEED_SHA256="902223d71936ee1217908a03731a55b13176ccbc6ecf20b8aa09e6493960d0b2"
PRODUCT_ROOTFS_SEED_URL="https://github.com/simonwjackson/korri/releases/download/rocknix-product-payload-b51aae80bc19/rocknix-guest-rootfs-odin2portal-b51aae80bc19.tar.zst.part-00"
PRODUCT_ROOTFS_SEED_URLS="https://github.com/simonwjackson/korri/releases/download/rocknix-product-payload-b51aae80bc19/rocknix-guest-rootfs-odin2portal-b51aae80bc19.tar.zst.part-00 https://github.com/simonwjackson/korri/releases/download/rocknix-product-payload-b51aae80bc19/rocknix-guest-rootfs-odin2portal-b51aae80bc19.tar.zst.part-01"
PRODUCT_BRANDING_SPLASH_PATCH_ARCHIVE="rocknix-splash-branding-odin2portal-b51aae80bc19.patch"
PRODUCT_BRANDING_SPLASH_PATCH_SHA256="a8ea49be23cc195e0dc29a6968ed09fa3bb11b77d153e4b45e6e58db5c86c2f0"
PRODUCT_BRANDING_SPLASH_PATCH_URL="https://github.com/simonwjackson/korri/releases/download/rocknix-product-payload-b51aae80bc19/rocknix-splash-branding-odin2portal-b51aae80bc19.patch"
