PRODUCT_AUTHORITY_REPO="simonwjackson/korri"
PRODUCT_REV="a3fabfd8a35190cd23d027f4f8569bc11344a3d5"
PRODUCT_SOURCE_SHA256="0dea10b50a12d2a96944d44d401d4786f95768d4e79df7a13a237d4fcef0f80d"
PRODUCT_SOURCE_SUBDIR="."
PRODUCT_BUILD_TARGET=".#nixosConfigurations.korri-rocknix-kiosk-by-compatible.config.system.build.toplevel"
PRODUCT_ROOTFS_SEED_REV="a3fabfd8a35190cd23d027f4f8569bc11344a3d5"
PRODUCT_ROOTFS_SEED_DEVICE="rg353m"
PRODUCT_ROOTFS_SEED_COMPATIBLE="rockchip,rk3566-rk817-tablet"
PRODUCT_ROOTFS_SEED_ARCHIVE="rocknix-guest-rootfs-rg353m-a3fabfd8a351.tar.zst"
PRODUCT_ROOTFS_SEED_SHA256="fac04f90b035b3ae88adce72dafefe4ebc6a2ca81e7fd7d33464d2ef3ea770c9"
PRODUCT_ROOTFS_SEED_URL="https://github.com/simonwjackson/nix-on-rocks/releases/download/rocknix-rg353m-guest-bootstrap-a3fabfd8a351/rocknix-guest-rootfs-rg353m-a3fabfd8a351.tar.zst"
PRODUCT_ROOTFS_SEED_URLS="https://github.com/simonwjackson/nix-on-rocks/releases/download/rocknix-rg353m-guest-bootstrap-a3fabfd8a351/rocknix-guest-rootfs-rg353m-a3fabfd8a351.tar.zst"
