# Promoted product payload lock for nix-on-rocks Phase 1 vocabulary.
PRODUCT_AUTHORITY_REPO="simonwjackson/korri"
PRODUCT_REV="1078753fe366aaf3433cb5257278e71fa4f722cf"
PRODUCT_SOURCE_SHA256="9b724218c7eb6b4983c0f5dc45ba6cb2b3798573582dcbeb2d785c945825df84"
PRODUCT_SOURCE_SUBDIR="."
PRODUCT_BUILD_TARGET=".#nixosConfigurations.korri-thor-kiosk.config.system.build.toplevel"
PRODUCT_ROOTFS_SEED_REV="1078753fe366aaf3433cb5257278e71fa4f722cf"
PRODUCT_ROOTFS_SEED_DEVICE="thor"
PRODUCT_ROOTFS_SEED_COMPATIBLE="ayn,thor"
PRODUCT_ROOTFS_SEED_ARCHIVE="rocknix-guest-rootfs-thor-1078753fe366.tar.zst"
PRODUCT_ROOTFS_SEED_SHA256="1bf4be4e71c20e9e28988c9fea50097ddee645aabe732cf4593272f6a58d066b"
PRODUCT_ROOTFS_SEED_URL="https://github.com/simonwjackson/korri/releases/download/rocknix-product-payload-1078753fe366/rocknix-guest-rootfs-thor-1078753fe366.tar.zst.part-00"
PRODUCT_ROOTFS_SEED_URLS="https://github.com/simonwjackson/korri/releases/download/rocknix-product-payload-1078753fe366/rocknix-guest-rootfs-thor-1078753fe366.tar.zst.part-00 https://github.com/simonwjackson/korri/releases/download/rocknix-product-payload-1078753fe366/rocknix-guest-rootfs-thor-1078753fe366.tar.zst.part-01"
PRODUCT_BRANDING_SPLASH_PATCH_ARCHIVE=""
PRODUCT_BRANDING_SPLASH_PATCH_SHA256=""
PRODUCT_BRANDING_SPLASH_PATCH_URL=""
PRODUCT_REV_CLEAN="1"
PRODUCT_SUBSTRATE_REV="3783c227c92d4442734b485fdcfcc3ee35b64b64"
