PRODUCT_AUTHORITY_REPO="simonwjackson/korri"
PRODUCT_REV="6a0823bb089861d3db5371a58894da32df71ef21"
PRODUCT_SOURCE_SHA256="1d5e15020d0ff6236bce3f88a08c534d32c7a87f1941fd57403aa26c8c89b18d"
PRODUCT_SOURCE_SUBDIR="."
PRODUCT_BUILD_TARGET=".#nixosConfigurations.korri-r36tmax-kiosk.config.system.build.toplevel"
PRODUCT_ROOTFS_SEED_REV="6a0823bb089861d3db5371a58894da32df71ef21"
PRODUCT_ROOTFS_SEED_DEVICE="r36tmax"
PRODUCT_ROOTFS_SEED_COMPATIBLE="gameconsole,r36tmax"
PRODUCT_ROOTFS_SEED_ARCHIVE="rocknix-guest-rootfs-r36tmax-6a0823bb0898.tar.zst"
PRODUCT_ROOTFS_SEED_SHA256="ee2aeab37053072db33e083543ef831037bb54b11ca0966e914443a29436b133"
PRODUCT_ROOTFS_SEED_URL="https://github.com/simonwjackson/korri/releases/download/rocknix-product-payload-6a0823bb0898/rocknix-guest-rootfs-r36tmax-6a0823bb0898.tar.zst.part-00"
PRODUCT_ROOTFS_SEED_URLS="https://github.com/simonwjackson/korri/releases/download/rocknix-product-payload-6a0823bb0898/rocknix-guest-rootfs-r36tmax-6a0823bb0898.tar.zst.part-00 https://github.com/simonwjackson/korri/releases/download/rocknix-product-payload-6a0823bb0898/rocknix-guest-rootfs-r36tmax-6a0823bb0898.tar.zst.part-01"
PRODUCT_BRANDING_SPLASH_PATCH_ARCHIVE="rocknix-splash-branding-r36tmax-6a0823bb0898.patch"
PRODUCT_BRANDING_SPLASH_PATCH_SHA256="a8ea49be23cc195e0dc29a6968ed09fa3bb11b77d153e4b45e6e58db5c86c2f0"
PRODUCT_BRANDING_SPLASH_PATCH_URL="https://github.com/simonwjackson/korri/releases/download/rocknix-product-payload-6a0823bb0898/rocknix-splash-branding-r36tmax-6a0823bb0898.patch"
