PRODUCT_AUTHORITY_REPO="simonwjackson/korri"
PRODUCT_REV="a3fabfd8a35190cd23d027f4f8569bc11344a3d5"
PRODUCT_SOURCE_SHA256="0dea10b50a12d2a96944d44d401d4786f95768d4e79df7a13a237d4fcef0f80d"
PRODUCT_SOURCE_SUBDIR="."
PRODUCT_BUILD_TARGET=".#nixosConfigurations.korri-rocknix-kiosk-by-compatible.config.system.build.toplevel"
PRODUCT_ROOTFS_SEED_REV="59d5714762d44f9c6cb2ae9e09546ec972ba1af6"
PRODUCT_ROOTFS_SEED_DEVICE="rg353m"
PRODUCT_ROOTFS_SEED_COMPATIBLE="rockchip,rk3566-rk817-tablet"
PRODUCT_ROOTFS_SEED_ARCHIVE="rocknix-guest-rootfs-rg353m-59d5714762d4.tar.zst"
PRODUCT_ROOTFS_SEED_SHA256="b3842e12892bba05721d22936afc48307c8d921216373bac51962ee6e6d16859"
PRODUCT_ROOTFS_SEED_URL="https://github.com/simonwjackson/nix-on-rocks/releases/download/rocknix-rg353m-guest-bootstrap-59d5714762d4/rocknix-guest-rootfs-rg353m-59d5714762d4.tar.zst"
PRODUCT_ROOTFS_SEED_URLS="https://github.com/simonwjackson/nix-on-rocks/releases/download/rocknix-rg353m-guest-bootstrap-59d5714762d4/rocknix-guest-rootfs-rg353m-59d5714762d4.tar.zst"
