PRODUCT_AUTHORITY_REPO="simonwjackson/korri"
PRODUCT_REV="10134ff24c79541c246493409432de84ac0e5a5b"
PRODUCT_SOURCE_SHA256="c5d5eb50e0683d619b38e3ff9ebf73a11995b733c25a5622f7b312d5a06819fd"
PRODUCT_SOURCE_SUBDIR="."
PRODUCT_BUILD_TARGET=".#nixosConfigurations.korri-odin2portal-kiosk.config.system.build.toplevel"
PRODUCT_ROOTFS_SEED_REV="10134ff24c79541c246493409432de84ac0e5a5b"
PRODUCT_ROOTFS_SEED_DEVICE="odin2portal"
PRODUCT_ROOTFS_SEED_COMPATIBLE="ayn,odin2portal"
PRODUCT_ROOTFS_SEED_ARCHIVE="rocknix-guest-rootfs-odin2portal-10134ff24c79.tar.zst"
PRODUCT_ROOTFS_SEED_SHA256="535c9442c5dbef42030b86d4cac4e16b42d7c87e0d6bc189070c8a52b2999e90"
PRODUCT_ROOTFS_SEED_URL="https://github.com/simonwjackson/korri/releases/download/rocknix-product-payload-10134ff24c79/rocknix-guest-rootfs-odin2portal-10134ff24c79.tar.zst.part-00"
PRODUCT_ROOTFS_SEED_URLS="https://github.com/simonwjackson/korri/releases/download/rocknix-product-payload-10134ff24c79/rocknix-guest-rootfs-odin2portal-10134ff24c79.tar.zst.part-00 https://github.com/simonwjackson/korri/releases/download/rocknix-product-payload-10134ff24c79/rocknix-guest-rootfs-odin2portal-10134ff24c79.tar.zst.part-01"
PRODUCT_BRANDING_SPLASH_PATCH_ARCHIVE="rocknix-splash-branding-odin2portal-10134ff24c79.patch"
PRODUCT_BRANDING_SPLASH_PATCH_SHA256="a8ea49be23cc195e0dc29a6968ed09fa3bb11b77d153e4b45e6e58db5c86c2f0"
PRODUCT_BRANDING_SPLASH_PATCH_URL="https://github.com/simonwjackson/korri/releases/download/rocknix-product-payload-10134ff24c79/rocknix-splash-branding-odin2portal-10134ff24c79.patch"
